// !$*UTF8*$!
{
	archiveVersion = 1;
	classes = {
	};
	objectVersion = 50;
	objects = {

/* Begin PBXBuildFile section */
		95228D93215A3AF900B28534 /* AppDelegate.swift in Sources */ = {isa = PBXBuildFile; fileRef = 95228D92215A3AF900B28534 /* AppDelegate.swift */; };
		95228D95215A3AF900B28534 /* ViewController.swift in Sources */ = {isa = PBXBuildFile; fileRef = 95228D94215A3AF900B28534 /* ViewController.swift */; };
		95228D98215A3AF900B28534 /* Main.storyboard in Resources */ = {isa = PBXBuildFile; fileRef = 95228D96215A3AF900B28534 /* Main.storyboard */; };
		95228D9A215A3B0200B28534 /* Assets.xcassets in Resources */ = {isa = PBXBuildFile; fileRef = 95228D99215A3B0200B28534 /* Assets.xcassets */; };
		95228D9D215A3B0200B28534 /* LaunchScreen.storyboard in Resources */ = {isa = PBXBuildFile; fileRef = 95228D9B215A3B0200B28534 /* LaunchScreen.storyboard */; };
		95228DA8215A3B0200B28534 /* mvptestTests.swift in Sources */ = {isa = PBXBuildFile; fileRef = 95228DA7215A3B0200B28534 /* mvptestTests.swift */; };
		95228DB3215A3B0200B28534 /* mvptestUITests.swift in Sources */ = {isa = PBXBuildFile; fileRef = 95228DB2215A3B0200B28534 /* mvptestUITests.swift */; };
		95228DC1215A3C9800B28534 /* HomePresenter.swift in Sources */ = {isa = PBXBuildFile; fileRef = 95228DC0215A3C9800B28534 /* HomePresenter.swift */; };
		95228DC3215A485100B28534 /* contract.swift in Sources */ = {isa = PBXBuildFile; fileRef = 95228DC2215A485100B28534 /* contract.swift */; };
/* End PBXBuildFile section */

/* Begin PBXContainerItemProxy section */
		95228DA4215A3B0200B28534 /* PBXContainerItemProxy */ = {
			isa = PBXContainerItemProxy;
			containerPortal = 95228D87215A3AF900B28534 /* Project object */;
			proxyType = 1;
			remoteGlobalIDString = 95228D8E215A3AF900B28534;
			remoteInfo = mvptest;
		};
		95228DAF215A3B0200B28534 /* PBXContainerItemProxy */ = {
			isa = PBXContainerItemProxy;
			containerPortal = 95228D87215A3AF900B28534 /* Project object */;
			proxyType = 1;
			remoteGlobalIDString = 95228D8E215A3AF900B28534;
			remoteInfo = mvptest;
		};
/* End PBXContainerItemProxy section */

/* Begin PBXFileReference section */
		95228D8F215A3AF900B28534 /* mvptest.app */ = {isa = PBXFileReference; explicitFileType = wrapper.application; includeInIndex = 0; path = mvptest.app; sourceTree = BUILT_PRODUCTS_DIR; };
		95228D92215A3AF900B28534 /* AppDelegate.swift */ = {isa = PBXFileReference; lastKnownFileType = sourcecode.swift; path = AppDelegate.swift; sourceTree = "<group>"; };
		95228D94215A3AF900B28534 /* ViewController.swift */ = {isa = PBXFileReference; lastKnownFileType = sourcecode.swift; path = ViewController.swift; sourceTree = "<group>"; };
		95228D97215A3AF900B28534 /* Base */ = {isa = PBXFileReference; lastKnownFileType = file.storyboard; name = Base; path = Base.lproj/Main.storyboard; sourceTree = "<group>"; };
		95228D99215A3B0200B28534 /* Assets.xcassets */ = {isa = PBXFileReference; lastKnownFileType = folder.assetcatalog; path = Assets.xcassets; sourceTree = "<group>"; };
		95228D9C215A3B0200B28534 /* Base */ = {isa = PBXFileReference; lastKnownFileType = file.storyboard; name = Base; path = Base.lproj/LaunchScreen.storyboard; sourceTree = "<group>"; };
		95228D9E215A3B0200B28534 /* Info.plist */ = {isa = PBXFileReference; lastKnownFileType = text.plist.xml; path = Info.plist; sourceTree = "<group>"; };
		95228DA3215A3B0200B28534 /* mvptestTests.xctest */ = {isa = PBXFileReference; explicitFileType = wrapper.cfbundle; includeInIndex = 0; path = mvptestTests.xctest; sourceTree = BUILT_PRODUCTS_DIR; };
		95228DA7215A3B0200B28534 /* mvptestTests.swift */ = {isa = PBXFileReference; lastKnownFileType = sourcecode.swift; path = mvptestTests.swift; sourceTree = "<group>"; };
		95228DA9215A3B0200B28534 /* Info.plist */ = {isa = PBXFileReference; lastKnownFileType = text.plist.xml; path = Info.plist; sourceTree = "<group>"; };
		95228DAE215A3B0200B28534 /* mvptestUITests.xctest */ = {isa = PBXFileReference; explicitFileType = wrapper.cfbundle; includeInIndex = 0; path = mvptestUITests.xctest; sourceTree = BUILT_PRODUCTS_DIR; };
		95228DB2215A3B0200B28534 /* mvptestUITests.swift */ = {isa = PBXFileReference; lastKnownFileType = sourcecode.swift; path = mvptestUITests.swift; sourceTree = "<group>"; };
		95228DB4215A3B0200B28534 /* Info.plist */ = {isa = PBXFileReference; lastKnownFileType = text.plist.xml; path = Info.plist; sourceTree = "<group>"; };
		95228DC0215A3C9800B28534 /* HomePresenter.swift */ = {isa = PBXFileReference; lastKnownFileType = sourcecode.swift; path = HomePresenter.swift; sourceTree = "<group>"; };
		95228DC2215A485100B28534 /* contract.swift */ = {isa = PBXFileReference; lastKnownFileType = sourcecode.swift; path = contract.swift; sourceTree = "<group>"; };
/* End PBXFileReference section */

/* Begin PBXFrameworksBuildPhase section */
		95228D8C215A3AF900B28534 /* Frameworks */ = {
			isa = PBXFrameworksBuildPhase;
			buildActionMask = 2147483647;
			files = (
			);
			runOnlyForDeploymentPostprocessing = 0;
		};
		95228DA0215A3B0200B28534 /* Frameworks */ = {
			isa = PBXFrameworksBuildPhase;
			buildActionMask = 2147483647;
			files = (
			);
			runOnlyForDeploymentPostprocessing = 0;
		};
		95228DAB215A3B0200B28534 /* Frameworks */ = {
			isa = PBXFrameworksBuildPhase;
			buildActionMask = 2147483647;
			files = (
			);
			runOnlyForDeploymentPostprocessing = 0;
		};
/* End PBXFrameworksBuildPhase section */

/* Begin PBXGroup section */
		95228D86215A3AF900B28534 = {
			isa = PBXGroup;
			children = (
				95228D91215A3AF900B28534 /* mvptest */,
				95228DA6215A3B0200B28534 /* mvptestTests */,
				95228DB1215A3B0200B28534 /* mvptestUITests */,
				95228D90215A3AF900B28534 /* Products */,
			);
			sourceTree = "<group>";
		};
		95228D90215A3AF900B28534 /* Products */ = {
			isa = PBXGroup;
			children = (
				95228D8F215A3AF900B28534 /* mvptest.app */,
				95228DA3215A3B0200B28534 /* mvptestTests.xctest */,
				95228DAE215A3B0200B28534 /* mvptestUITests.xctest */,
			);
			name = Products;
			sourceTree = "<group>";
		};
		95228D91215A3AF900B28534 /* mvptest */ = {
			isa = PBXGroup;
			children = (
				95228D92215A3AF900B28534 /* AppDelegate.swift */,
				95228D94215A3AF900B28534 /* ViewController.swift */,
				95228D96215A3AF900B28534 /* Main.storyboard */,
				95228D99215A3B0200B28534 /* Assets.xcassets */,
				95228D9B215A3B0200B28534 /* LaunchScreen.storyboard */,
				95228D9E215A3B0200B28534 /* Info.plist */,
				95228DC0215A3C9800B28534 /* HomePresenter.swift */,
				95228DC2215A485100B28534 /* contract.swift */,
			);
			path = mvptest;
			sourceTree = "<group>";
		};
		95228DA6215A3B0200B28534 /* mvptestTests */ = {
			isa = PBXGroup;
			children = (
				95228DA7215A3B0200B28534 /* mvptestTests.swift */,
				95228DA9215A3B0200B28534 /* Info.plist */,
			);
			path = mvptestTests;
			sourceTree = "<group>";
		};
		95228DB1215A3B0200B28534 /* mvptestUITests */ = {
			isa = PBXGroup;
			children = (
				95228DB2215A3B0200B28534 /* mvptestUITests.swift */,
				95228DB4215A3B0200B28534 /* Info.plist */,
			);
			path = mvptestUITests;
			sourceTree = "<group>";
		};
/* End PBXGroup section */

/* Begin PBXNativeTarget section */
		95228D8E215A3AF900B28534 /* mvptest */ = {
			isa = PBXNativeTarget;
			buildConfigurationList = 95228DB7215A3B0200B28534 /* Build configuration list for PBXNativeTarget "mvptest" */;
			buildPhases = (
				95228D8B215A3AF900B28534 /* Sources */,
				95228D8C215A3AF900B28534 /* Frameworks */,
				95228D8D215A3AF900B28534 /* Resources */,
			);
			buildRules = (
			);
			dependencies = (
			);
			name = mvptest;
			productName = mvptest;
			productReference = 95228D8F215A3AF900B28534 /* mvptest.app */;
			productType = "com.apple.product-type.application";
		};
		95228DA2215A3B0200B28534 /* mvptestTests */ = {
			isa = PBXNativeTarget;
			buildConfigurationList = 95228DBA215A3B0200B28534 /* Build configuration list for PBXNativeTarget "mvptestTests" */;
			buildPhases = (
				95228D9F215A3B0200B28534 /* Sources */,
				95228DA0215A3B0200B28534 /* Frameworks */,
				95228DA1215A3B0200B28534 /* Resources */,
			);
			buildRules = (
			);
			dependencies = (
				95228DA5215A3B0200B28534 /* PBXTargetDependency */,
			);
			name = mvptestTests;
			productName = mvptestTests;
			productReference = 95228DA3215A3B0200B28534 /* mvptestTests.xctest */;
			productType = "com.apple.product-type.bundle.unit-test";
		};
		95228DAD215A3B0200B28534 /* mvptestUITests */ = {
			isa = PBXNativeTarget;
			buildConfigurationList = 95228DBD215A3B0200B28534 /* Build configuration list for PBXNativeTarget "mvptestUITests" */;
			buildPhases = (
				95228DAA215A3B0200B28534 /* Sources */,
				95228DAB215A3B0200B28534 /* Frameworks */,
				95228DAC215A3B0200B28534 /* Resources */,
			);
			buildRules = (
			);
			dependencies = (
				95228DB0215A3B0200B28534 /* PBXTargetDependency */,
			);
			name = mvptestUITests;
			productName = mvptestUITests;
			productReference = 95228DAE215A3B0200B28534 /* mvptestUITests.xctest */;
			productType = "com.apple.product-type.bundle.ui-testing";
		};
/* End PBXNativeTarget section */

/* Begin PBXProject section */
		95228D87215A3AF900B28534 /* Project object */ = {
			isa = PBXProject;
			attributes = {
				LastSwiftUpdateCheck = 1000;
				LastUpgradeCheck = 1000;
				ORGANIZATIONNAME = "Dennis Wu";
				TargetAttributes = {
					95228D8E215A3AF900B28534 = {
						CreatedOnToolsVersion = 10.0;
					};
					95228DA2215A3B0200B28534 = {
						CreatedOnToolsVersion = 10.0;
						TestTargetID = 95228D8E215A3AF900B28534;
					};
					95228DAD215A3B0200B28534 = {
						CreatedOnToolsVersion = 10.0;
						TestTargetID = 95228D8E215A3AF900B28534;
					};
				};
			};
			buildConfigurationList = 95228D8A215A3AF900B28534 /* Build configuration list for PBXProject "mvptest" */;
			compatibilityVersion = "Xcode 9.3";
			developmentRegion = en;
			hasScannedForEncodings = 0;
			knownRegions = (
				en,
				Base,
			);
			mainGroup = 95228D86215A3AF900B28534;
			productRefGroup = 95228D90215A3AF900B28534 /* Products */;
			projectDirPath = "";
			projectRoot = "";
			targets = (
				95228D8E215A3AF900B28534 /* mvptest */,
				95228DA2215A3B0200B28534 /* mvptestTests */,
				95228DAD215A3B0200B28534 /* mvptestUITests */,
			);
		};
/* End PBXProject section */

/* Begin PBXResourcesBuildPhase section */
		95228D8D215A3AF900B28534 /* Resources */ = {
			isa = PBXResourcesBuildPhase;
			buildActionMask = 2147483647;
			files = (
				95228D9D215A3B0200B28534 /* LaunchScreen.storyboard in Resources */,
				95228D9A215A3B0200B28534 /* Assets.xcassets in Resources */,
				95228D98215A3AF900B28534 /* Main.storyboard in Resources */,
			);
			runOnlyForDeploymentPostprocessing = 0;
		};
		95228DA1215A3B0200B28534 /* Resources */ = {
			isa = PBXResourcesBuildPhase;
			buildActionMask = 2147483647;
			files = (
			);
			runOnlyForDeploymentPostprocessing = 0;
		};
		95228DAC215A3B0200B28534 /* Resources */ = {
			isa = PBXResourcesBuildPhase;
			buildActionMask = 2147483647;
			files = (
			);
			runOnlyForDeploymentPostprocessing = 0;
		};
/* End PBXResourcesBuildPhase section */

/* Begin PBXSourcesBuildPhase section */
		95228D8B215A3AF900B28534 /* Sources */ = {
			isa = PBXSourcesBuildPhase;
			buildActionMask = 2147483647;
			files = (
				95228DC1215A3C9800B28534 /* HomePresenter.swift in Sources */,
				95228D95215A3AF900B28534 /* ViewController.swift in Sources */,
				95228D93215A3AF900B28534 /* AppDelegate.swift in Sources */,
				95228DC3215A485100B28534 /* contract.swift in Sources */,
			);
			runOnlyForDeploymentPostprocessing = 0;
		};
		95228D9F215A3B0200B28534 /* Sources */ = {
			isa = PBXSourcesBuildPhase;
			buildActionMask = 2147483647;
			files = (
				95228DA8215A3B0200B28534 /* mvptestTests.swift in Sources */,
			);
			runOnlyForDeploymentPostprocessing = 0;
		};
		95228DAA215A3B0200B28534 /* Sources */ = {
			isa = PBXSourcesBuildPhase;
			buildActionMask = 2147483647;
			files = (
				95228DB3215A3B0200B28534 /* mvptestUITests.swift in Sources */,
			);
			runOnlyForDeploymentPostprocessing = 0;
		};
/* End PBXSourcesBuildPhase section */

/* Begin PBXTargetDependency section */
		95228DA5215A3B0200B28534 /* PBXTargetDependency */ = {
			isa = PBXTargetDependency;
			target = 95228D8E215A3AF900B28534 /* mvptest */;
			targetProxy = 95228DA4215A3B0200B28534 /* PBXContainerItemProxy */;
		};
		95228DB0215A3B0200B28534 /* PBXTargetDependency */ = {
			isa = PBXTargetDependency;
			target = 95228D8E215A3AF900B28534 /* mvptest */;
			targetProxy = 95228DAF215A3B0200B28534 /* PBXContainerItemProxy */;
		};
/* End PBXTargetDependency section */

/* Begin PBXVariantGroup section */
		95228D96215A3AF900B28534 /* Main.storyboard */ = {
			isa = PBXVariantGroup;
			children = (
				95228D97215A3AF900B28534 /* Base */,
			);
			name = Main.storyboard;
			sourceTree = "<group>";
		};
		95228D9B215A3B0200B28534 /* LaunchScreen.storyboard */ = {
			isa = PBXVariantGroup;
			children = (
				95228D9C215A3B0200B28534 /* Base */,
			);
			name = LaunchScreen.storyboard;
			sourceTree = "<group>";
		};
/* End PBXVariantGroup section */

/* Begin XCBuildConfiguration section */
		95228DB5215A3B0200B28534 /* Debug */ = {
			isa = XCBuildConfiguration;
			buildSettings = {
				ALWAYS_SEARCH_USER_PATHS = NO;
				CLANG_ANALYZER_NONNULL = YES;
				CLANG_ANALYZER_NUMBER_OBJECT_CONVERSION = YES_AGGRESSIVE;
				CLANG_CXX_LANGUAGE_STANDARD = "gnu++14";
				CLANG_CXX_LIBRARY = "libc++";
				CLANG_ENABLE_MODULES = YES;
				CLANG_ENABLE_OBJC_ARC = YES;
				CLANG_ENABLE_OBJC_WEAK = YES;
				CLANG_WARN_BLOCK_CAPTURE_AUTORELEASING = YES;
				CLANG_WARN_BOOL_CONVERSION = YES;
				CLANG_WARN_COMMA = YES;
				CLANG_WARN_CONSTANT_CONVERSION = YES;
				CLANG_WARN_DEPRECATED_OBJC_IMPLEMENTATIONS = YES;
				CLANG_WARN_DIRECT_OBJC_ISA_USAGE = YES_ERROR;
				CLANG_WARN_DOCUMENTATION_COMMENTS = YES;
				CLANG_WARN_EMPTY_BODY = YES;
				CLANG_WARN_ENUM_CONVERSION = YES;
				CLANG_WARN_INFINITE_RECURSION = YES;
				CLANG_WARN_INT_CONVERSION = YES;
				CLANG_WARN_NON_LITERAL_NULL_CONVERSION = YES;
				CLANG_WARN_OBJC_IMPLICIT_RETAIN_SELF = YES;
				CLANG_WARN_OBJC_LITERAL_CONVERSION = YES;
				CLANG_WARN_OBJC_ROOT_CLASS = YES_ERROR;
				CLANG_WARN_RANGE_LOOP_ANALYSIS = YES;
				CLANG_WARN_STRICT_PROTOTYPES = YES;
				CLANG_WARN_SUSPICIOUS_MOVE = YES;
				CLANG_WARN_UNGUARDED_AVAILABILITY = YES_AGGRESSIVE;
				CLANG_WARN_UNREACHABLE_CODE = YES;
				CLANG_WARN__DUPLICATE_METHOD_MATCH = YES;
				CODE_SIGN_IDENTITY = "iPhone Developer";
				COPY_PHASE_STRIP = NO;
				DEBUG_INFORMATION_FORMAT = dwarf;
				ENABLE_STRICT_OBJC_MSGSEND = YES;
				ENABLE_TESTABILITY = YES;
				GCC_C_LANGUAGE_STANDARD = gnu11;
				GCC_DYNAMIC_NO_PIC = NO;
				GCC_NO_COMMON_BLOCKS = YES;
				GCC_OPTIMIZATION_LEVEL = 0;
				GCC_PREPROCESSOR_DEFINITIONS = (
					"DEBUG=1",
					"$(inherited)",
				);
				GCC_WARN_64_TO_32_BIT_CONVERSION = YES;
				GCC_WARN_ABOUT_RETURN_TYPE = YES_ERROR;
				GCC_WARN_UNDECLARED_SELECTOR = YES;
				GCC_WARN_UNINITIALIZED_AUTOS = YES_AGGRESSIVE;
				GCC_WARN_UNUSED_FUNCTION = YES;
				GCC_WARN_UNUSED_VARIABLE = YES;
				IPHONEOS_DEPLOYMENT_TARGET = 12.0;
				MTL_ENABLE_DEBUG_INFO = INCLUDE_SOURCE;
				MTL_FAST_MATH = YES;
				ONLY_ACTIVE_ARCH = YES;
				SDKROOT = iphoneos;
				SWIFT_ACTIVE_COMPILATION_CONDITIONS = DEBUG;
				SWIFT_OPTIMIZATION_LEVEL = "-Onone";
			};
			name = Debug;
		};
		95228DB6215A3B0200B28534 /* Release */ = {
			isa = XCBuildConfiguration;
			buildSettings = {
				ALWAYS_SEARCH_USER_PATHS = NO;
				CLANG_ANALYZER_NONNULL = YES;
				CLANG_ANALYZER_NUMBER_OBJECT_CONVERSION = YES_AGGRESSIVE;
				CLANG_CXX_LANGUAGE_STANDARD = "gnu++14";
				CLANG_CXX_LIBRARY = "libc++";
				CLANG_ENABLE_MODULES = YES;
				CLANG_ENABLE_OBJC_ARC = YES;
				CLANG_ENABLE_OBJC_WEAK = YES;
				CLANG_WARN_BLOCK_CAPTURE_AUTORELEASING = YES;
				CLANG_WARN_BOOL_CONVERSION = YES;
				CLANG_WARN_COMMA = YES;
				CLANG_WARN_CONSTANT_CONVERSION = YES;
				CLANG_WARN_DEPRECATED_OBJC_IMPLEMENTATIONS = YES;
				CLANG_WARN_DIRECT_OBJC_ISA_USAGE = YES_ERROR;
				CLANG_WARN_DOCUMENTATION_COMMENTS = YES;
				CLANG_WARN_EMPTY_BODY = YES;
				CLANG_WARN_ENUM_CONVERSION = YES;
				CLANG_WARN_INFINITE_RECURSION = YES;
				CLANG_WARN_INT_CONVERSION = YES;
				CLANG_WARN_NON_LITERAL_NULL_CONVERSION = YES;
				CLANG_WARN_OBJC_IMPLICIT_RETAIN_SELF = YES;
				CLANG_WARN_OBJC_LITERAL_CONVERSION = YES;
				CLANG_WARN_OBJC_ROOT_CLASS = YES_ERROR;
				CLANG_WARN_RANGE_LOOP_ANALYSIS = YES;
				CLANG_WARN_STRICT_PROTOTYPES = YES;
				CLANG_WARN_SUSPICIOUS_MOVE = YES;
				CLANG_WARN_UNGUARDED_AVAILABILITY = YES_AGGRESSIVE;
				CLANG_WARN_UNREACHABLE_CODE = YES;
				CLANG_WARN__DUPLICATE_METHOD_MATCH = YES;
				CODE_SIGN_IDENTITY = "iPhone Developer";
				COPY_PHASE_STRIP = NO;
				DEBUG_INFORMATION_FORMAT = "dwarf-with-dsym";
				ENABLE_NS_ASSERTIONS = NO;
				ENABLE_STRICT_OBJC_MSGSEND = YES;
				GCC_C_LANGUAGE_STANDARD = gnu11;
				GCC_NO_COMMON_BLOCKS = YES;
				GCC_WARN_64_TO_32_BIT_CONVERSION = YES;
				GCC_WARN_ABOUT_RETURN_TYPE = YES_ERROR;
				GCC_WARN_UNDECLARED_SELECTOR = YES;
				GCC_WARN_UNINITIALIZED_AUTOS = YES_AGGRESSIVE;
				GCC_WARN_UNUSED_FUNCTION = YES;
				GCC_WARN_UNUSED_VARIABLE = YES;
				IPHONEOS_DEPLOYMENT_TARGET = 12.0;
				MTL_ENABLE_DEBUG_INFO = NO;
				MTL_FAST_MATH = YES;
				SDKROOT = iphoneos;
				SWIFT_COMPILATION_MODE = wholemodule;
				SWIFT_OPTIMIZATION_LEVEL = "-O";
				VALIDATE_PRODUCT = YES;
			};
			name = Release;
		};
		95228DB8215A3B0200B28534 /* Debug */ = {
			isa = XCBuildConfiguration;
			buildSettings = {
				ASSETCATALOG_COMPILER_APPICON_NAME = AppIcon;
				CODE_SIGN_STYLE = Automatic;
				DEVELOPMENT_TEAM = U673ZNW4CT;
				INFOPLIST_FILE = mvptest/Info.plist;
				IPHONEOS_DEPLOYMENT_TARGET = 11.0;
				LD_RUNPATH_SEARCH_PATHS = (
					"$(inherited)",
					"@executable_path/Frameworks",
				);
				PRODUCT_BUNDLE_IDENTIFIER = otomoto.mvptest;
				PRODUCT_NAME = "$(TARGET_NAME)";
				SWIFT_VERSION = 4.2;
				TARGETED_DEVICE_FAMILY = "1,2";
			};
			name = Debug;
		};
		95228DB9215A3B0200B28534 /* Release */ = {
			isa = XCBuildConfiguration;
			buildSettings = {
				ASSETCATALOG_COMPILER_APPICON_NAME = AppIcon;
				CODE_SIGN_STYLE = Automatic;
				DEVELOPMENT_TEAM = U673ZNW4CT;
				INFOPLIST_FILE = mvptest/Info.plist;
				IPHONEOS_DEPLOYMENT_TARGET = 11.0;
				LD_RUNPATH_SEARCH_PATHS = (
					"$(inherited)",
					"@executable_path/Frameworks",
				);
				PRODUCT_BUNDLE_IDENTIFIER = otomoto.mvptest;
				PRODUCT_NAME = "$(TARGET_NAME)";
				SWIFT_VERSION = 4.2;
				TARGETED_DEVICE_FAMILY = "1,2";
			};
			name = Release;
		};
		95228DBB215A3B0200B28534 /* Debug */ = {
			isa = XCBuildConfiguration;
			buildSettings = {
				ALWAYS_EMBED_SWIFT_STANDARD_LIBRARIES = YES;
				BUNDLE_LOADER = "$(TEST_HOST)";
				CODE_SIGN_STYLE = Automatic;
				INFOPLIST_FILE = mvptestTests/Info.plist;
				LD_RUNPATH_SEARCH_PATHS = (
					"$(inherited)",
					"@executable_path/Frameworks",
					"@loader_path/Frameworks",
				);
				PRODUCT_BUNDLE_IDENTIFIER = otomoto.mvptestTests;
				PRODUCT_NAME = "$(TARGET_NAME)";
				SWIFT_VERSION = 4.2;
				TARGETED_DEVICE_FAMILY = "1,2";
				TEST_HOST = "$(BUILT_PRODUCTS_DIR)/mvptest.app/mvptest";
			};
			name = Debug;
		};
		95228DBC215A3B0200B28534 /* Release */ = {
			isa = XCBuildConfiguration;
			buildSettings = {
				ALWAYS_EMBED_SWIFT_STANDARD_LIBRARIES = YES;
				BUNDLE_LOADER = "$(TEST_HOST)";
				CODE_SIGN_STYLE = Automatic;
				INFOPLIST_FILE = mvptestTests/Info.plist;
				LD_RUNPATH_SEARCH_PATHS = (
					"$(inherited)",
					"@executable_path/Frameworks",
					"@loader_path/Frameworks",
				);
				PRODUCT_BUNDLE_IDENTIFIER = otomoto.mvptestTests;
				PRODUCT_NAME = "$(TARGET_NAME)";
				SWIFT_VERSION = 4.2;
				TARGETED_DEVICE_FAMILY = "1,2";
				TEST_HOST = "$(BUILT_PRODUCTS_DIR)/mvptest.app/mvptest";
			};
			name = Release;
		};
		95228DBE215A3B0200B28534 /* Debug */ = {
			isa = XCBuildConfiguration;
			buildSettings = {
				ALWAYS_EMBED_SWIFT_STANDARD_LIBRARIES = YES;
				CODE_SIGN_STYLE = Automatic;
				INFOPLIST_FILE = mvptestUITests/Info.plist;
				LD_RUNPATH_SEARCH_PATHS = (
					"$(inherited)",
					"@executable_path/Frameworks",
					"@loader_path/Frameworks",
				);
				PRODUCT_BUNDLE_IDENTIFIER = otomoto.mvptestUITests;
				PRODUCT_NAME = "$(TARGET_NAME)";
				SWIFT_VERSION = 4.2;
				TARGETED_DEVICE_FAMILY = "1,2";
				TEST_TARGET_NAME = mvptest;
			};
			name = Debug;
		};
		95228DBF215A3B0200B28534 /* Release */ = {
			isa = XCBuildConfiguration;
			buildSettings = {
				ALWAYS_EMBED_SWIFT_STANDARD_LIBRARIES = YES;
				CODE_SIGN_STYLE = Automatic;
				INFOPLIST_FILE = mvptestUITests/Info.plist;
				LD_RUNPATH_SEARCH_PATHS = (
					"$(inherited)",
					"@executable_path/Frameworks",
					"@loader_path/Frameworks",
				);
				PRODUCT_BUNDLE_IDENTIFIER = otomoto.mvptestUITests;
				PRODUCT_NAME = "$(TARGET_NAME)";
				SWIFT_VERSION = 4.2;
				TARGETED_DEVICE_FAMILY = "1,2";
				TEST_TARGET_NAME = mvptest;
			};
			name = Release;
		};
/* End XCBuildConfiguration section */

/* Begin XCConfigurationList section */
		95228D8A215A3AF900B28534 /* Build configuration list for PBXProject "mvptest" */ = {
			isa = XCConfigurationList;
			buildConfigurations = (
				95228DB5215A3B0200B28534 /* Debug */,
				95228DB6215A3B0200B28534 /* Release */,
			);
			defaultConfigurationIsVisible = 0;
			defaultConfigurationName = Release;
		};
		95228DB7215A3B0200B28534 /* Build configuration list for PBXNativeTarget "mvptest" */ = {
			isa = XCConfigurationList;
			buildConfigurations = (
				95228DB8215A3B0200B28534 /* Debug */,
				95228DB9215A3B0200B28534 /* Release */,
			);
			defaultConfigurationIsVisible = 0;
			defaultConfigurationName = Release;
		};
		95228DBA215A3B0200B28534 /* Build configuration list for PBXNativeTarget "mvptestTests" */ = {
			isa = XCConfigurationList;
			buildConfigurations = (
				95228DBB215A3B0200B28534 /* Debug */,
				95228DBC215A3B0200B28534 /* Release */,
			);
			defaultConfigurationIsVisible = 0;
			defaultConfigurationName = Release;
		};
		95228DBD215A3B0200B28534 /* Build configuration list for PBXNativeTarget "mvptestUITests" */ = {
			isa = XCConfigurationList;
			buildConfigurations = (
				95228DBE215A3B0200B28534 /* Debug */,
				95228DBF215A3B0200B28534 /* Release */,
			);
			defaultConfigurationIsVisible = 0;
			defaultConfigurationName = Release;
		};
/* End XCConfigurationList section */
	};
	rootObject = 95228D87215A3AF900B28534 /* Project object */;
}
